
Microsoft Visual Studio Solution File, Format Version 12.00
# Visual Studio Version 17
VisualStudioVersion = 17.0.31717.71
MinimumVisualStudioVersion = 10.0.40219.1
Project("{9A19103F-16F7-4668-BE54-9A1E7A4F7556}") = "FurryHappiness", "FurryHappiness\FurryHappiness.csproj", "{502976DA-BB12-445E-8616-C350DF00B426}"
EndProject
Project("{2150E333-8FDC-42A3-9474-1A3956D46DE8}") = "Solution Items", "Solution Items", "{05B349FA-35B1-4170-998A-2F325A109E67}"
	ProjectSection(SolutionItems) = preProject
		.editorconfig = .editorconfig
	EndProjectSection
EndProject
Global
	GlobalSection(SolutionConfigurationPlatforms) = preSolution
		Debug|Any CPU = Debug|Any CPU
		Release|Any CPU = Release|Any CPU
	EndGlobalSection
	GlobalSection(ProjectConfigurationPlatforms) = postSolution
		{502976DA-BB12-445E-8616-C350DF00B426}.Debug|Any CPU.ActiveCfg = Debug|Any CPU
		{502976DA-BB12-445E-8616-C350DF00B426}.Debug|Any CPU.Build.0 = Debug|Any CPU
		{502976DA-BB12-445E-8616-C350DF00B426}.Release|Any CPU.ActiveCfg = Release|Any CPU
		{502976DA-BB12-445E-8616-C350DF00B426}.Release|Any CPU.Build.0 = Release|Any CPU
	EndGlobalSection
	GlobalSection(SolutionProperties) = preSolution
		HideSolutionNode = FALSE
	EndGlobalSection
	GlobalSection(ExtensibilityGlobals) = postSolution
		SolutionGuid = {898FC003-9523-4FB2-964D-97D9A7499E45}
	EndGlobalSection
EndGlobal
